// !$*UTF8*$!
{
	archiveVersion = 1;
	classes = {
	};
	objectVersion = 50;
	objects = {

/* Begin PBXBuildFile section */
		E745E1D323D4426800D3638D /* LandmarkList.swift in Sources */ = {isa = PBXBuildFile; fileRef = E745E1D223D4426800D3638D /* LandmarkList.swift */; };
		E75235D223D46F7D002855FB /* charleyrivers.jpg in Resources */ = {isa = PBXBuildFile; fileRef = E75235C523D46F7D002855FB /* charleyrivers.jpg */; };
		E75235D323D46F7D002855FB /* turtlerock.jpg in Resources */ = {isa = PBXBuildFile; fileRef = E75235C623D46F7D002855FB /* turtlerock.jpg */; };
		E75235D423D46F7D002855FB /* silversalmoncreek.jpg in Resources */ = {isa = PBXBuildFile; fileRef = E75235C723D46F7D002855FB /* silversalmoncreek.jpg */; };
		E75235D523D46F7D002855FB /* icybay.jpg in Resources */ = {isa = PBXBuildFile; fileRef = E75235C823D46F7D002855FB /* icybay.jpg */; };
		E75235D623D46F7D002855FB /* lakemcdonald.jpg in Resources */ = {isa = PBXBuildFile; fileRef = E75235C923D46F7D002855FB /* lakemcdonald.jpg */; };
		E75235D723D46F7D002855FB /* hiddenlake.jpg in Resources */ = {isa = PBXBuildFile; fileRef = E75235CA23D46F7D002855FB /* hiddenlake.jpg */; };
		E75235D823D46F7D002855FB /* twinlake.jpg in Resources */ = {isa = PBXBuildFile; fileRef = E75235CB23D46F7D002855FB /* twinlake.jpg */; };
		E75235D923D46F7D002855FB /* umbagog.jpg in Resources */ = {isa = PBXBuildFile; fileRef = E75235CC23D46F7D002855FB /* umbagog.jpg */; };
		E75235DA23D46F7D002855FB /* landmarkData.json in Resources */ = {isa = PBXBuildFile; fileRef = E75235CD23D46F7D002855FB /* landmarkData.json */; };
		E75235DB23D46F7D002855FB /* chincoteague.jpg in Resources */ = {isa = PBXBuildFile; fileRef = E75235CE23D46F7D002855FB /* chincoteague.jpg */; };
		E75235DC23D46F7D002855FB /* stmarylake.jpg in Resources */ = {isa = PBXBuildFile; fileRef = E75235CF23D46F7D002855FB /* stmarylake.jpg */; };
		E75235DD23D46F7D002855FB /* chilkoottrail.jpg in Resources */ = {isa = PBXBuildFile; fileRef = E75235D023D46F7D002855FB /* chilkoottrail.jpg */; };
		E75235DE23D46F7D002855FB /* rainbowlake.jpg in Resources */ = {isa = PBXBuildFile; fileRef = E75235D123D46F7D002855FB /* rainbowlake.jpg */; };
		E75235E023D4712A002855FB /* UserData.swift in Sources */ = {isa = PBXBuildFile; fileRef = E75235DF23D4712A002855FB /* UserData.swift */; };
		E75235E223D48AD7002855FB /* Badge.swift in Sources */ = {isa = PBXBuildFile; fileRef = E75235E123D48AD7002855FB /* Badge.swift */; };
		E75235E423D48BA0002855FB /* HexagonParameters.swift in Sources */ = {isa = PBXBuildFile; fileRef = E75235E323D48BA0002855FB /* HexagonParameters.swift */; };
		E75235E923D49199002855FB /* BadgeBackground.swift in Sources */ = {isa = PBXBuildFile; fileRef = E75235E823D49199002855FB /* BadgeBackground.swift */; };
		E75235EB23D4922C002855FB /* BadgeSymbol.swift in Sources */ = {isa = PBXBuildFile; fileRef = E75235EA23D4922C002855FB /* BadgeSymbol.swift */; };
		E781EC1523D4380100098D4E /* MapView.swift in Sources */ = {isa = PBXBuildFile; fileRef = E781EC1423D4380100098D4E /* MapView.swift */; };
		E781EC1923D43CDA00098D4E /* Landmark.swift in Sources */ = {isa = PBXBuildFile; fileRef = E781EC1823D43CDA00098D4E /* Landmark.swift */; };
		E781EC1E23D43EAE00098D4E /* Data.swift in Sources */ = {isa = PBXBuildFile; fileRef = E781EC1D23D43EAE00098D4E /* Data.swift */; };
		E781EC2023D43F6500098D4E /* LandmarkRow.swift in Sources */ = {isa = PBXBuildFile; fileRef = E781EC1F23D43F6500098D4E /* LandmarkRow.swift */; };
		E7B48E6423D3F23100F2F4CE /* AppDelegate.swift in Sources */ = {isa = PBXBuildFile; fileRef = E7B48E6323D3F23100F2F4CE /* AppDelegate.swift */; };
		E7B48E6623D3F23100F2F4CE /* SceneDelegate.swift in Sources */ = {isa = PBXBuildFile; fileRef = E7B48E6523D3F23100F2F4CE /* SceneDelegate.swift */; };
		E7B48E6823D3F23100F2F4CE /* LandmarkDetail.swift in Sources */ = {isa = PBXBuildFile; fileRef = E7B48E6723D3F23100F2F4CE /* LandmarkDetail.swift */; };
		E7B48E6A23D3F23600F2F4CE /* Assets.xcassets in Resources */ = {isa = PBXBuildFile; fileRef = E7B48E6923D3F23600F2F4CE /* Assets.xcassets */; };
		E7B48E6D23D3F23600F2F4CE /* Preview Assets.xcassets in Resources */ = {isa = PBXBuildFile; fileRef = E7B48E6C23D3F23600F2F4CE /* Preview Assets.xcassets */; };
		E7B48E7023D3F23600F2F4CE /* LaunchScreen.storyboard in Resources */ = {isa = PBXBuildFile; fileRef = E7B48E6E23D3F23600F2F4CE /* LaunchScreen.storyboard */; };
		E7B48E7B23D3F23600F2F4CE /* SwiftUITestTests.swift in Sources */ = {isa = PBXBuildFile; fileRef = E7B48E7A23D3F23600F2F4CE /* SwiftUITestTests.swift */; };
		E7B48E8623D3F23600F2F4CE /* SwiftUITestUITests.swift in Sources */ = {isa = PBXBuildFile; fileRef = E7B48E8523D3F23600F2F4CE /* SwiftUITestUITests.swift */; };
		E7B48E9423D4038100F2F4CE /* CircleImage.swift in Sources */ = {isa = PBXBuildFile; fileRef = E7B48E9323D4038100F2F4CE /* CircleImage.swift */; };
		E7BE8CEA23D4948500D659CA /* RotatedBadgeSymbol.swift in Sources */ = {isa = PBXBuildFile; fileRef = E7BE8CE923D4948500D659CA /* RotatedBadgeSymbol.swift */; };
/* End PBXBuildFile section */

/* Begin PBXContainerItemProxy section */
		E7B48E7723D3F23600F2F4CE /* PBXContainerItemProxy */ = {
			isa = PBXContainerItemProxy;
			containerPortal = E7B48E5823D3F23100F2F4CE /* Project object */;
			proxyType = 1;
			remoteGlobalIDString = E7B48E5F23D3F23100F2F4CE;
			remoteInfo = SwiftUITest;
		};
		E7B48E8223D3F23600F2F4CE /* PBXContainerItemProxy */ = {
			isa = PBXContainerItemProxy;
			containerPortal = E7B48E5823D3F23100F2F4CE /* Project object */;
			proxyType = 1;
			remoteGlobalIDString = E7B48E5F23D3F23100F2F4CE;
			remoteInfo = SwiftUITest;
		};
/* End PBXContainerItemProxy section */

/* Begin PBXFileReference section */
		E745E1D223D4426800D3638D /* LandmarkList.swift */ = {isa = PBXFileReference; lastKnownFileType = sourcecode.swift; path = LandmarkList.swift; sourceTree = "<group>"; };
		E75235C523D46F7D002855FB /* charleyrivers.jpg */ = {isa = PBXFileReference; lastKnownFileType = image.jpeg; path = charleyrivers.jpg; sourceTree = "<group>"; };
		E75235C623D46F7D002855FB /* turtlerock.jpg */ = {isa = PBXFileReference; lastKnownFileType = image.jpeg; path = turtlerock.jpg; sourceTree = "<group>"; };
		E75235C723D46F7D002855FB /* silversalmoncreek.jpg */ = {isa = PBXFileReference; lastKnownFileType = image.jpeg; path = silversalmoncreek.jpg; sourceTree = "<group>"; };
		E75235C823D46F7D002855FB /* icybay.jpg */ = {isa = PBXFileReference; lastKnownFileType = image.jpeg; path = icybay.jpg; sourceTree = "<group>"; };
		E75235C923D46F7D002855FB /* lakemcdonald.jpg */ = {isa = PBXFileReference; lastKnownFileType = image.jpeg; path = lakemcdonald.jpg; sourceTree = "<group>"; };
		E75235CA23D46F7D002855FB /* hiddenlake.jpg */ = {isa = PBXFileReference; lastKnownFileType = image.jpeg; path = hiddenlake.jpg; sourceTree = "<group>"; };
		E75235CB23D46F7D002855FB /* twinlake.jpg */ = {isa = PBXFileReference; lastKnownFileType = image.jpeg; path = twinlake.jpg; sourceTree = "<group>"; };
		E75235CC23D46F7D002855FB /* umbagog.jpg */ = {isa = PBXFileReference; lastKnownFileType = image.jpeg; path = umbagog.jpg; sourceTree = "<group>"; };
		E75235CD23D46F7D002855FB /* landmarkData.json */ = {isa = PBXFileReference; fileEncoding = 4; lastKnownFileType = text.json; path = landmarkData.json; sourceTree = "<group>"; };
		E75235CE23D46F7D002855FB /* chincoteague.jpg */ = {isa = PBXFileReference; lastKnownFileType = image.jpeg; path = chincoteague.jpg; sourceTree = "<group>"; };
		E75235CF23D46F7D002855FB /* stmarylake.jpg */ = {isa = PBXFileReference; lastKnownFileType = image.jpeg; path = stmarylake.jpg; sourceTree = "<group>"; };
		E75235D023D46F7D002855FB /* chilkoottrail.jpg */ = {isa = PBXFileReference; lastKnownFileType = image.jpeg; path = chilkoottrail.jpg; sourceTree = "<group>"; };
		E75235D123D46F7D002855FB /* rainbowlake.jpg */ = {isa = PBXFileReference; lastKnownFileType = image.jpeg; path = rainbowlake.jpg; sourceTree = "<group>"; };
		E75235DF23D4712A002855FB /* UserData.swift */ = {isa = PBXFileReference; lastKnownFileType = sourcecode.swift; path = UserData.swift; sourceTree = "<group>"; };
		E75235E123D48AD7002855FB /* Badge.swift */ = {isa = PBXFileReference; lastKnownFileType = sourcecode.swift; path = Badge.swift; sourceTree = "<group>"; };
		E75235E323D48BA0002855FB /* HexagonParameters.swift */ = {isa = PBXFileReference; fileEncoding = 4; lastKnownFileType = sourcecode.swift; path = HexagonParameters.swift; sourceTree = "<group>"; };
		E75235E823D49199002855FB /* BadgeBackground.swift */ = {isa = PBXFileReference; lastKnownFileType = sourcecode.swift; path = BadgeBackground.swift; sourceTree = "<group>"; };
		E75235EA23D4922C002855FB /* BadgeSymbol.swift */ = {isa = PBXFileReference; lastKnownFileType = sourcecode.swift; path = BadgeSymbol.swift; sourceTree = "<group>"; };
		E781EC1423D4380100098D4E /* MapView.swift */ = {isa = PBXFileReference; lastKnownFileType = sourcecode.swift; path = MapView.swift; sourceTree = "<group>"; };
		E781EC1823D43CDA00098D4E /* Landmark.swift */ = {isa = PBXFileReference; lastKnownFileType = sourcecode.swift; path = Landmark.swift; sourceTree = "<group>"; };
		E781EC1D23D43EAE00098D4E /* Data.swift */ = {isa = PBXFileReference; lastKnownFileType = sourcecode.swift; path = Data.swift; sourceTree = "<group>"; };
		E781EC1F23D43F6500098D4E /* LandmarkRow.swift */ = {isa = PBXFileReference; lastKnownFileType = sourcecode.swift; path = LandmarkRow.swift; sourceTree = "<group>"; };
		E7B48E6023D3F23100F2F4CE /* SwiftUITutorial.app */ = {isa = PBXFileReference; explicitFileType = wrapper.application; includeInIndex = 0; path = SwiftUITutorial.app; sourceTree = BUILT_PRODUCTS_DIR; };
		E7B48E6323D3F23100F2F4CE /* AppDelegate.swift */ = {isa = PBXFileReference; lastKnownFileType = sourcecode.swift; path = AppDelegate.swift; sourceTree = "<group>"; };
		E7B48E6523D3F23100F2F4CE /* SceneDelegate.swift */ = {isa = PBXFileReference; lastKnownFileType = sourcecode.swift; path = SceneDelegate.swift; sourceTree = "<group>"; };
		E7B48E6723D3F23100F2F4CE /* LandmarkDetail.swift */ = {isa = PBXFileReference; lastKnownFileType = sourcecode.swift; path = LandmarkDetail.swift; sourceTree = "<group>"; };
		E7B48E6923D3F23600F2F4CE /* Assets.xcassets */ = {isa = PBXFileReference; lastKnownFileType = folder.assetcatalog; path = Assets.xcassets; sourceTree = "<group>"; };
		E7B48E6C23D3F23600F2F4CE /* Preview Assets.xcassets */ = {isa = PBXFileReference; lastKnownFileType = folder.assetcatalog; path = "Preview Assets.xcassets"; sourceTree = "<group>"; };
		E7B48E6F23D3F23600F2F4CE /* Base */ = {isa = PBXFileReference; lastKnownFileType = file.storyboard; name = Base; path = Base.lproj/LaunchScreen.storyboard; sourceTree = "<group>"; };
		E7B48E7123D3F23600F2F4CE /* Info.plist */ = {isa = PBXFileReference; lastKnownFileType = text.plist.xml; path = Info.plist; sourceTree = "<group>"; };
		E7B48E7623D3F23600F2F4CE /* SwiftUITutorialTests.xctest */ = {isa = PBXFileReference; explicitFileType = wrapper.cfbundle; includeInIndex = 0; path = SwiftUITutorialTests.xctest; sourceTree = BUILT_PRODUCTS_DIR; };
		E7B48E7A23D3F23600F2F4CE /* SwiftUITestTests.swift */ = {isa = PBXFileReference; lastKnownFileType = sourcecode.swift; path = SwiftUITestTests.swift; sourceTree = "<group>"; };
		E7B48E7C23D3F23600F2F4CE /* Info.plist */ = {isa = PBXFileReference; lastKnownFileType = text.plist.xml; path = Info.plist; sourceTree = "<group>"; };
		E7B48E8123D3F23600F2F4CE /* SwiftUITutorialUITests.xctest */ = {isa = PBXFileReference; explicitFileType = wrapper.cfbundle; includeInIndex = 0; path = SwiftUITutorialUITests.xctest; sourceTree = BUILT_PRODUCTS_DIR; };
		E7B48E8523D3F23600F2F4CE /* SwiftUITestUITests.swift */ = {isa = PBXFileReference; lastKnownFileType = sourcecode.swift; path = SwiftUITestUITests.swift; sourceTree = "<group>"; };
		E7B48E8723D3F23600F2F4CE /* Info.plist */ = {isa = PBXFileReference; lastKnownFileType = text.plist.xml; path = Info.plist; sourceTree = "<group>"; };
		E7B48E9323D4038100F2F4CE /* CircleImage.swift */ = {isa = PBXFileReference; lastKnownFileType = sourcecode.swift; path = CircleImage.swift; sourceTree = "<group>"; };
		E7BE8CE923D4948500D659CA /* RotatedBadgeSymbol.swift */ = {isa = PBXFileReference; lastKnownFileType = sourcecode.swift; path = RotatedBadgeSymbol.swift; sourceTree = "<group>"; };
/* End PBXFileReference section */

/* Begin PBXFrameworksBuildPhase section */
		E7B48E5D23D3F23100F2F4CE /* Frameworks */ = {
			isa = PBXFrameworksBuildPhase;
			buildActionMask = 2147483647;
			files = (
			);
			runOnlyForDeploymentPostprocessing = 0;
		};
		E7B48E7323D3F23600F2F4CE /* Frameworks */ = {
			isa = PBXFrameworksBuildPhase;
			buildActionMask = 2147483647;
			files = (
			);
			runOnlyForDeploymentPostprocessing = 0;
		};
		E7B48E7E23D3F23600F2F4CE /* Frameworks */ = {
			isa = PBXFrameworksBuildPhase;
			buildActionMask = 2147483647;
			files = (
			);
			runOnlyForDeploymentPostprocessing = 0;
		};
/* End PBXFrameworksBuildPhase section */

/* Begin PBXGroup section */
		E75235C423D46F7D002855FB /* Resources */ = {
			isa = PBXGroup;
			children = (
				E75235C523D46F7D002855FB /* charleyrivers.jpg */,
				E75235C623D46F7D002855FB /* turtlerock.jpg */,
				E75235C723D46F7D002855FB /* silversalmoncreek.jpg */,
				E75235C823D46F7D002855FB /* icybay.jpg */,
				E75235C923D46F7D002855FB /* lakemcdonald.jpg */,
				E75235CA23D46F7D002855FB /* hiddenlake.jpg */,
				E75235CB23D46F7D002855FB /* twinlake.jpg */,
				E75235CC23D46F7D002855FB /* umbagog.jpg */,
				E75235CD23D46F7D002855FB /* landmarkData.json */,
				E75235CE23D46F7D002855FB /* chincoteague.jpg */,
				E75235CF23D46F7D002855FB /* stmarylake.jpg */,
				E75235D023D46F7D002855FB /* chilkoottrail.jpg */,
				E75235D123D46F7D002855FB /* rainbowlake.jpg */,
			);
			path = Resources;
			sourceTree = "<group>";
		};
		E75235E523D48BE9002855FB /* Components */ = {
			isa = PBXGroup;
			children = (
				E75235EC23D4923B002855FB /* Atoms */,
				E75235ED23D49242002855FB /* Molecules */,
				E75235EE23D4924E002855FB /* Organisms */,
			);
			path = Components;
			sourceTree = "<group>";
		};
		E75235EC23D4923B002855FB /* Atoms */ = {
			isa = PBXGroup;
			children = (
				E75235E323D48BA0002855FB /* HexagonParameters.swift */,
			);
			path = Atoms;
			sourceTree = "<group>";
		};
		E75235ED23D49242002855FB /* Molecules */ = {
			isa = PBXGroup;
			children = (
				E75235F023D49330002855FB /* Badge */,
				E75235EF23D49326002855FB /* Landmark */,
			);
			path = Molecules;
			sourceTree = "<group>";
		};
		E75235EE23D4924E002855FB /* Organisms */ = {
			isa = PBXGroup;
			children = (
				E7B48E6723D3F23100F2F4CE /* LandmarkDetail.swift */,
				E75235E123D48AD7002855FB /* Badge.swift */,
			);
			path = Organisms;
			sourceTree = "<group>";
		};
		E75235EF23D49326002855FB /* Landmark */ = {
			isa = PBXGroup;
			children = (
				E781EC1423D4380100098D4E /* MapView.swift */,
				E7B48E9323D4038100F2F4CE /* CircleImage.swift */,
			);
			path = Landmark;
			sourceTree = "<group>";
		};
		E75235F023D49330002855FB /* Badge */ = {
			isa = PBXGroup;
			children = (
				E75235E823D49199002855FB /* BadgeBackground.swift */,
				E781EC1F23D43F6500098D4E /* LandmarkRow.swift */,
				E75235EA23D4922C002855FB /* BadgeSymbol.swift */,
				E7BE8CE923D4948500D659CA /* RotatedBadgeSymbol.swift */,
			);
			path = Badge;
			sourceTree = "<group>";
		};
		E781EC1623D43C9500098D4E /* Views */ = {
			isa = PBXGroup;
			children = (
				E75235E523D48BE9002855FB /* Components */,
				E745E1D223D4426800D3638D /* LandmarkList.swift */,
			);
			path = Views;
			sourceTree = "<group>";
		};
		E781EC1723D43CC000098D4E /* Models */ = {
			isa = PBXGroup;
			children = (
				E781EC1823D43CDA00098D4E /* Landmark.swift */,
				E75235DF23D4712A002855FB /* UserData.swift */,
				E781EC1D23D43EAE00098D4E /* Data.swift */,
			);
			path = Models;
			sourceTree = "<group>";
		};
		E7B48E5723D3F23100F2F4CE = {
			isa = PBXGroup;
			children = (
				E7B48E6223D3F23100F2F4CE /* SwiftUITutorial */,
				E7B48E7923D3F23600F2F4CE /* SwiftUITutorialTests */,
				E7B48E8423D3F23600F2F4CE /* SwiftUITutorialUITests */,
				E7B48E6123D3F23100F2F4CE /* Products */,
			);
			sourceTree = "<group>";
		};
		E7B48E6123D3F23100F2F4CE /* Products */ = {
			isa = PBXGroup;
			children = (
				E7B48E6023D3F23100F2F4CE /* SwiftUITutorial.app */,
				E7B48E7623D3F23600F2F4CE /* SwiftUITutorialTests.xctest */,
				E7B48E8123D3F23600F2F4CE /* SwiftUITutorialUITests.xctest */,
			);
			name = Products;
			sourceTree = "<group>";
		};
		E7B48E6223D3F23100F2F4CE /* SwiftUITutorial */ = {
			isa = PBXGroup;
			children = (
				E75235C423D46F7D002855FB /* Resources */,
				E781EC1723D43CC000098D4E /* Models */,
				E781EC1623D43C9500098D4E /* Views */,
				E7B48E6323D3F23100F2F4CE /* AppDelegate.swift */,
				E7B48E6523D3F23100F2F4CE /* SceneDelegate.swift */,
				E7B48E6923D3F23600F2F4CE /* Assets.xcassets */,
				E7B48E6E23D3F23600F2F4CE /* LaunchScreen.storyboard */,
				E7B48E7123D3F23600F2F4CE /* Info.plist */,
				E7B48E6B23D3F23600F2F4CE /* Preview Content */,
			);
			path = SwiftUITutorial;
			sourceTree = "<group>";
		};
		E7B48E6B23D3F23600F2F4CE /* Preview Content */ = {
			isa = PBXGroup;
			children = (
				E7B48E6C23D3F23600F2F4CE /* Preview Assets.xcassets */,
			);
			path = "Preview Content";
			sourceTree = "<group>";
		};
		E7B48E7923D3F23600F2F4CE /* SwiftUITutorialTests */ = {
			isa = PBXGroup;
			children = (
				E7B48E7A23D3F23600F2F4CE /* SwiftUITestTests.swift */,
				E7B48E7C23D3F23600F2F4CE /* Info.plist */,
			);
			path = SwiftUITutorialTests;
			sourceTree = "<group>";
		};
		E7B48E8423D3F23600F2F4CE /* SwiftUITutorialUITests */ = {
			isa = PBXGroup;
			children = (
				E7B48E8523D3F23600F2F4CE /* SwiftUITestUITests.swift */,
				E7B48E8723D3F23600F2F4CE /* Info.plist */,
			);
			path = SwiftUITutorialUITests;
			sourceTree = "<group>";
		};
/* End PBXGroup section */

/* Begin PBXNativeTarget section */
		E7B48E5F23D3F23100F2F4CE /* SwiftUITutorial */ = {
			isa = PBXNativeTarget;
			buildConfigurationList = E7B48E8A23D3F23600F2F4CE /* Build configuration list for PBXNativeTarget "SwiftUITutorial" */;
			buildPhases = (
				E7B48E5C23D3F23100F2F4CE /* Sources */,
				E7B48E5D23D3F23100F2F4CE /* Frameworks */,
				E7B48E5E23D3F23100F2F4CE /* Resources */,
			);
			buildRules = (
			);
			dependencies = (
			);
			name = SwiftUITutorial;
			productName = SwiftUITest;
			productReference = E7B48E6023D3F23100F2F4CE /* SwiftUITutorial.app */;
			productType = "com.apple.product-type.application";
		};
		E7B48E7523D3F23600F2F4CE /* SwiftUITutorialTests */ = {
			isa = PBXNativeTarget;
			buildConfigurationList = E7B48E8D23D3F23600F2F4CE /* Build configuration list for PBXNativeTarget "SwiftUITutorialTests" */;
			buildPhases = (
				E7B48E7223D3F23600F2F4CE /* Sources */,
				E7B48E7323D3F23600F2F4CE /* Frameworks */,
				E7B48E7423D3F23600F2F4CE /* Resources */,
			);
			buildRules = (
			);
			dependencies = (
				E7B48E7823D3F23600F2F4CE /* PBXTargetDependency */,
			);
			name = SwiftUITutorialTests;
			productName = SwiftUITestTests;
			productReference = E7B48E7623D3F23600F2F4CE /* SwiftUITutorialTests.xctest */;
			productType = "com.apple.product-type.bundle.unit-test";
		};
		E7B48E8023D3F23600F2F4CE /* SwiftUITutorialUITests */ = {
			isa = PBXNativeTarget;
			buildConfigurationList = E7B48E9023D3F23600F2F4CE /* Build configuration list for PBXNativeTarget "SwiftUITutorialUITests" */;
			buildPhases = (
				E7B48E7D23D3F23600F2F4CE /* Sources */,
				E7B48E7E23D3F23600F2F4CE /* Frameworks */,
				E7B48E7F23D3F23600F2F4CE /* Resources */,
			);
			buildRules = (
			);
			dependencies = (
				E7B48E8323D3F23600F2F4CE /* PBXTargetDependency */,
			);
			name = SwiftUITutorialUITests;
			productName = SwiftUITestUITests;
			productReference = E7B48E8123D3F23600F2F4CE /* SwiftUITutorialUITests.xctest */;
			productType = "com.apple.product-type.bundle.ui-testing";
		};
/* End PBXNativeTarget section */

/* Begin PBXProject section */
		E7B48E5823D3F23100F2F4CE /* Project object */ = {
			isa = PBXProject;
			attributes = {
				LastSwiftUpdateCheck = 1110;
				LastUpgradeCheck = 1110;
				ORGANIZATIONNAME = "Bao Linh";
				TargetAttributes = {
					E7B48E5F23D3F23100F2F4CE = {
						CreatedOnToolsVersion = 11.1;
					};
					E7B48E7523D3F23600F2F4CE = {
						CreatedOnToolsVersion = 11.1;
						TestTargetID = E7B48E5F23D3F23100F2F4CE;
					};
					E7B48E8023D3F23600F2F4CE = {
						CreatedOnToolsVersion = 11.1;
						TestTargetID = E7B48E5F23D3F23100F2F4CE;
					};
				};
			};
			buildConfigurationList = E7B48E5B23D3F23100F2F4CE /* Build configuration list for PBXProject "SwiftUITutorial" */;
			compatibilityVersion = "Xcode 9.3";
			developmentRegion = en;
			hasScannedForEncodings = 0;
			knownRegions = (
				en,
				Base,
			);
			mainGroup = E7B48E5723D3F23100F2F4CE;
			productRefGroup = E7B48E6123D3F23100F2F4CE /* Products */;
			projectDirPath = "";
			projectRoot = "";
			targets = (
				E7B48E5F23D3F23100F2F4CE /* SwiftUITutorial */,
				E7B48E7523D3F23600F2F4CE /* SwiftUITutorialTests */,
				E7B48E8023D3F23600F2F4CE /* SwiftUITutorialUITests */,
			);
		};
/* End PBXProject section */

/* Begin PBXResourcesBuildPhase section */
		E7B48E5E23D3F23100F2F4CE /* Resources */ = {
			isa = PBXResourcesBuildPhase;
			buildActionMask = 2147483647;
			files = (
				E7B48E7023D3F23600F2F4CE /* LaunchScreen.storyboard in Resources */,
				E7B48E6D23D3F23600F2F4CE /* Preview Assets.xcassets in Resources */,
				E7B48E6A23D3F23600F2F4CE /* Assets.xcassets in Resources */,
				E75235D423D46F7D002855FB /* silversalmoncreek.jpg in Resources */,
				E75235D223D46F7D002855FB /* charleyrivers.jpg in Resources */,
				E75235DB23D46F7D002855FB /* chincoteague.jpg in Resources */,
				E75235DC23D46F7D002855FB /* stmarylake.jpg in Resources */,
				E75235DA23D46F7D002855FB /* landmarkData.json in Resources */,
				E75235D523D46F7D002855FB /* icybay.jpg in Resources */,
				E75235D823D46F7D002855FB /* twinlake.jpg in Resources */,
				E75235D623D46F7D002855FB /* lakemcdonald.jpg in Resources */,
				E75235D723D46F7D002855FB /* hiddenlake.jpg in Resources */,
				E75235D923D46F7D002855FB /* umbagog.jpg in Resources */,
				E75235DE23D46F7D002855FB /* rainbowlake.jpg in Resources */,
				E75235DD23D46F7D002855FB /* chilkoottrail.jpg in Resources */,
				E75235D323D46F7D002855FB /* turtlerock.jpg in Resources */,
			);
			runOnlyForDeploymentPostprocessing = 0;
		};
		E7B48E7423D3F23600F2F4CE /* Resources */ = {
			isa = PBXResourcesBuildPhase;
			buildActionMask = 2147483647;
			files = (
			);
			runOnlyForDeploymentPostprocessing = 0;
		};
		E7B48E7F23D3F23600F2F4CE /* Resources */ = {
			isa = PBXResourcesBuildPhase;
			buildActionMask = 2147483647;
			files = (
			);
			runOnlyForDeploymentPostprocessing = 0;
		};
/* End PBXResourcesBuildPhase section */

/* Begin PBXSourcesBuildPhase section */
		E7B48E5C23D3F23100F2F4CE /* Sources */ = {
			isa = PBXSourcesBuildPhase;
			buildActionMask = 2147483647;
			files = (
				E75235E423D48BA0002855FB /* HexagonParameters.swift in Sources */,
				E781EC1E23D43EAE00098D4E /* Data.swift in Sources */,
				E7BE8CEA23D4948500D659CA /* RotatedBadgeSymbol.swift in Sources */,
				E7B48E6423D3F23100F2F4CE /* AppDelegate.swift in Sources */,
				E75235E223D48AD7002855FB /* Badge.swift in Sources */,
				E7B48E9423D4038100F2F4CE /* CircleImage.swift in Sources */,
				E781EC1523D4380100098D4E /* MapView.swift in Sources */,
				E745E1D323D4426800D3638D /* LandmarkList.swift in Sources */,
				E75235EB23D4922C002855FB /* BadgeSymbol.swift in Sources */,
				E7B48E6623D3F23100F2F4CE /* SceneDelegate.swift in Sources */,
				E75235E923D49199002855FB /* BadgeBackground.swift in Sources */,
				E7B48E6823D3F23100F2F4CE /* LandmarkDetail.swift in Sources */,
				E781EC2023D43F6500098D4E /* LandmarkRow.swift in Sources */,
				E75235E023D4712A002855FB /* UserData.swift in Sources */,
				E781EC1923D43CDA00098D4E /* Landmark.swift in Sources */,
			);
			runOnlyForDeploymentPostprocessing = 0;
		};
		E7B48E7223D3F23600F2F4CE /* Sources */ = {
			isa = PBXSourcesBuildPhase;
			buildActionMask = 2147483647;
			files = (
				E7B48E7B23D3F23600F2F4CE /* SwiftUITestTests.swift in Sources */,
			);
			runOnlyForDeploymentPostprocessing = 0;
		};
		E7B48E7D23D3F23600F2F4CE /* Sources */ = {
			isa = PBXSourcesBuildPhase;
			buildActionMask = 2147483647;
			files = (
				E7B48E8623D3F23600F2F4CE /* SwiftUITestUITests.swift in Sources */,
			);
			runOnlyForDeploymentPostprocessing = 0;
		};
/* End PBXSourcesBuildPhase section */

/* Begin PBXTargetDependency section */
		E7B48E7823D3F23600F2F4CE /* PBXTargetDependency */ = {
			isa = PBXTargetDependency;
			target = E7B48E5F23D3F23100F2F4CE /* SwiftUITutorial */;
			targetProxy = E7B48E7723D3F23600F2F4CE /* PBXContainerItemProxy */;
		};
		E7B48E8323D3F23600F2F4CE /* PBXTargetDependency */ = {
			isa = PBXTargetDependency;
			target = E7B48E5F23D3F23100F2F4CE /* SwiftUITutorial */;
			targetProxy = E7B48E8223D3F23600F2F4CE /* PBXContainerItemProxy */;
		};
/* End PBXTargetDependency section */

/* Begin PBXVariantGroup section */
		E7B48E6E23D3F23600F2F4CE /* LaunchScreen.storyboard */ = {
			isa = PBXVariantGroup;
			children = (
				E7B48E6F23D3F23600F2F4CE /* Base */,
			);
			name = LaunchScreen.storyboard;
			sourceTree = "<group>";
		};
/* End PBXVariantGroup section */

/* Begin XCBuildConfiguration section */
		E7B48E8823D3F23600F2F4CE /* Debug */ = {
			isa = XCBuildConfiguration;
			buildSettings = {
				ALWAYS_SEARCH_USER_PATHS = NO;
				CLANG_ANALYZER_NONNULL = YES;
				CLANG_ANALYZER_NUMBER_OBJECT_CONVERSION = YES_AGGRESSIVE;
				CLANG_CXX_LANGUAGE_STANDARD = "gnu++14";
				CLANG_CXX_LIBRARY = "libc++";
				CLANG_ENABLE_MODULES = YES;
				CLANG_ENABLE_OBJC_ARC = YES;
				CLANG_ENABLE_OBJC_WEAK = YES;
				CLANG_WARN_BLOCK_CAPTURE_AUTORELEASING = YES;
				CLANG_WARN_BOOL_CONVERSION = YES;
				CLANG_WARN_COMMA = YES;
				CLANG_WARN_CONSTANT_CONVERSION = YES;
				CLANG_WARN_DEPRECATED_OBJC_IMPLEMENTATIONS = YES;
				CLANG_WARN_DIRECT_OBJC_ISA_USAGE = YES_ERROR;
				CLANG_WARN_DOCUMENTATION_COMMENTS = YES;
				CLANG_WARN_EMPTY_BODY = YES;
				CLANG_WARN_ENUM_CONVERSION = YES;
				CLANG_WARN_INFINITE_RECURSION = YES;
				CLANG_WARN_INT_CONVERSION = YES;
				CLANG_WARN_NON_LITERAL_NULL_CONVERSION = YES;
				CLANG_WARN_OBJC_IMPLICIT_RETAIN_SELF = YES;
				CLANG_WARN_OBJC_LITERAL_CONVERSION = YES;
				CLANG_WARN_OBJC_ROOT_CLASS = YES_ERROR;
				CLANG_WARN_RANGE_LOOP_ANALYSIS = YES;
				CLANG_WARN_STRICT_PROTOTYPES = YES;
				CLANG_WARN_SUSPICIOUS_MOVE = YES;
				CLANG_WARN_UNGUARDED_AVAILABILITY = YES_AGGRESSIVE;
				CLANG_WARN_UNREACHABLE_CODE = YES;
				CLANG_WARN__DUPLICATE_METHOD_MATCH = YES;
				COPY_PHASE_STRIP = NO;
				DEBUG_INFORMATION_FORMAT = dwarf;
				ENABLE_STRICT_OBJC_MSGSEND = YES;
				ENABLE_TESTABILITY = YES;
				GCC_C_LANGUAGE_STANDARD = gnu11;
				GCC_DYNAMIC_NO_PIC = NO;
				GCC_NO_COMMON_BLOCKS = YES;
				GCC_OPTIMIZATION_LEVEL = 0;
				GCC_PREPROCESSOR_DEFINITIONS = (
					"DEBUG=1",
					"$(inherited)",
				);
				GCC_WARN_64_TO_32_BIT_CONVERSION = YES;
				GCC_WARN_ABOUT_RETURN_TYPE = YES_ERROR;
				GCC_WARN_UNDECLARED_SELECTOR = YES;
				GCC_WARN_UNINITIALIZED_AUTOS = YES_AGGRESSIVE;
				GCC_WARN_UNUSED_FUNCTION = YES;
				GCC_WARN_UNUSED_VARIABLE = YES;
				IPHONEOS_DEPLOYMENT_TARGET = 13.1;
				MTL_ENABLE_DEBUG_INFO = INCLUDE_SOURCE;
				MTL_FAST_MATH = YES;
				ONLY_ACTIVE_ARCH = YES;
				SDKROOT = iphoneos;
				SWIFT_ACTIVE_COMPILATION_CONDITIONS = DEBUG;
				SWIFT_OPTIMIZATION_LEVEL = "-Onone";
			};
			name = Debug;
		};
		E7B48E8923D3F23600F2F4CE /* Release */ = {
			isa = XCBuildConfiguration;
			buildSettings = {
				ALWAYS_SEARCH_USER_PATHS = NO;
				CLANG_ANALYZER_NONNULL = YES;
				CLANG_ANALYZER_NUMBER_OBJECT_CONVERSION = YES_AGGRESSIVE;
				CLANG_CXX_LANGUAGE_STANDARD = "gnu++14";
				CLANG_CXX_LIBRARY = "libc++";
				CLANG_ENABLE_MODULES = YES;
				CLANG_ENABLE_OBJC_ARC = YES;
				CLANG_ENABLE_OBJC_WEAK = YES;
				CLANG_WARN_BLOCK_CAPTURE_AUTORELEASING = YES;
				CLANG_WARN_BOOL_CONVERSION = YES;
				CLANG_WARN_COMMA = YES;
				CLANG_WARN_CONSTANT_CONVERSION = YES;
				CLANG_WARN_DEPRECATED_OBJC_IMPLEMENTATIONS = YES;
				CLANG_WARN_DIRECT_OBJC_ISA_USAGE = YES_ERROR;
				CLANG_WARN_DOCUMENTATION_COMMENTS = YES;
				CLANG_WARN_EMPTY_BODY = YES;
				CLANG_WARN_ENUM_CONVERSION = YES;
				CLANG_WARN_INFINITE_RECURSION = YES;
				CLANG_WARN_INT_CONVERSION = YES;
				CLANG_WARN_NON_LITERAL_NULL_CONVERSION = YES;
				CLANG_WARN_OBJC_IMPLICIT_RETAIN_SELF = YES;
				CLANG_WARN_OBJC_LITERAL_CONVERSION = YES;
				CLANG_WARN_OBJC_ROOT_CLASS = YES_ERROR;
				CLANG_WARN_RANGE_LOOP_ANALYSIS = YES;
				CLANG_WARN_STRICT_PROTOTYPES = YES;
				CLANG_WARN_SUSPICIOUS_MOVE = YES;
				CLANG_WARN_UNGUARDED_AVAILABILITY = YES_AGGRESSIVE;
				CLANG_WARN_UNREACHABLE_CODE = YES;
				CLANG_WARN__DUPLICATE_METHOD_MATCH = YES;
				COPY_PHASE_STRIP = NO;
				DEBUG_INFORMATION_FORMAT = "dwarf-with-dsym";
				ENABLE_NS_ASSERTIONS = NO;
				ENABLE_STRICT_OBJC_MSGSEND = YES;
				GCC_C_LANGUAGE_STANDARD = gnu11;
				GCC_NO_COMMON_BLOCKS = YES;
				GCC_WARN_64_TO_32_BIT_CONVERSION = YES;
				GCC_WARN_ABOUT_RETURN_TYPE = YES_ERROR;
				GCC_WARN_UNDECLARED_SELECTOR = YES;
				GCC_WARN_UNINITIALIZED_AUTOS = YES_AGGRESSIVE;
				GCC_WARN_UNUSED_FUNCTION = YES;
				GCC_WARN_UNUSED_VARIABLE = YES;
				IPHONEOS_DEPLOYMENT_TARGET = 13.1;
				MTL_ENABLE_DEBUG_INFO = NO;
				MTL_FAST_MATH = YES;
				SDKROOT = iphoneos;
				SWIFT_COMPILATION_MODE = wholemodule;
				SWIFT_OPTIMIZATION_LEVEL = "-O";
				VALIDATE_PRODUCT = YES;
			};
			name = Release;
		};
		E7B48E8B23D3F23600F2F4CE /* Debug */ = {
			isa = XCBuildConfiguration;
			buildSettings = {
				ASSETCATALOG_COMPILER_APPICON_NAME = AppIcon;
				CODE_SIGN_STYLE = Automatic;
				DEVELOPMENT_ASSET_PATHS = "\"SwiftUITutorial/Preview Content\"";
				ENABLE_PREVIEWS = YES;
				INFOPLIST_FILE = SwiftUITutorial/Info.plist;
				LD_RUNPATH_SEARCH_PATHS = (
					"$(inherited)",
					"@executable_path/Frameworks",
				);
				PRODUCT_BUNDLE_IDENTIFIER = com.rinrinnchi.SwiftUITutorial;
				PRODUCT_NAME = SwiftUITutorial;
				SWIFT_VERSION = 5.0;
				TARGETED_DEVICE_FAMILY = "1,2";
			};
			name = Debug;
		};
		E7B48E8C23D3F23600F2F4CE /* Release */ = {
			isa = XCBuildConfiguration;
			buildSettings = {
				ASSETCATALOG_COMPILER_APPICON_NAME = AppIcon;
				CODE_SIGN_STYLE = Automatic;
				DEVELOPMENT_ASSET_PATHS = "\"SwiftUITutorial/Preview Content\"";
				ENABLE_PREVIEWS = YES;
				INFOPLIST_FILE = SwiftUITutorial/Info.plist;
				LD_RUNPATH_SEARCH_PATHS = (
					"$(inherited)",
					"@executable_path/Frameworks",
				);
				PRODUCT_BUNDLE_IDENTIFIER = com.rinrinnchi.SwiftUITutorial;
				PRODUCT_NAME = SwiftUITutorial;
				SWIFT_VERSION = 5.0;
				TARGETED_DEVICE_FAMILY = "1,2";
			};
			name = Release;
		};
		E7B48E8E23D3F23600F2F4CE /* Debug */ = {
			isa = XCBuildConfiguration;
			buildSettings = {
				ALWAYS_EMBED_SWIFT_STANDARD_LIBRARIES = YES;
				BUNDLE_LOADER = "$(TEST_HOST)";
				CODE_SIGN_STYLE = Automatic;
				INFOPLIST_FILE = SwiftUITestTests/Info.plist;
				IPHONEOS_DEPLOYMENT_TARGET = 13.1;
				LD_RUNPATH_SEARCH_PATHS = (
					"$(inherited)",
					"@executable_path/Frameworks",
					"@loader_path/Frameworks",
				);
				PRODUCT_BUNDLE_IDENTIFIER = com.rinrinnchi.SwiftUITestTests;
				PRODUCT_NAME = "$(TARGET_NAME)";
				SWIFT_VERSION = 5.0;
				TARGETED_DEVICE_FAMILY = "1,2";
				TEST_HOST = "$(BUILT_PRODUCTS_DIR)/SwiftUITutorial.app/SwiftUITutorial";
			};
			name = Debug;
		};
		E7B48E8F23D3F23600F2F4CE /* Release */ = {
			isa = XCBuildConfiguration;
			buildSettings = {
				ALWAYS_EMBED_SWIFT_STANDARD_LIBRARIES = YES;
				BUNDLE_LOADER = "$(TEST_HOST)";
				CODE_SIGN_STYLE = Automatic;
				INFOPLIST_FILE = SwiftUITestTests/Info.plist;
				IPHONEOS_DEPLOYMENT_TARGET = 13.1;
				LD_RUNPATH_SEARCH_PATHS = (
					"$(inherited)",
					"@executable_path/Frameworks",
					"@loader_path/Frameworks",
				);
				PRODUCT_BUNDLE_IDENTIFIER = com.rinrinnchi.SwiftUITestTests;
				PRODUCT_NAME = "$(TARGET_NAME)";
				SWIFT_VERSION = 5.0;
				TARGETED_DEVICE_FAMILY = "1,2";
				TEST_HOST = "$(BUILT_PRODUCTS_DIR)/SwiftUITutorial.app/SwiftUITutorial";
			};
			name = Release;
		};
		E7B48E9123D3F23600F2F4CE /* Debug */ = {
			isa = XCBuildConfiguration;
			buildSettings = {
				ALWAYS_EMBED_SWIFT_STANDARD_LIBRARIES = YES;
				CODE_SIGN_STYLE = Automatic;
				INFOPLIST_FILE = SwiftUITestUITests/Info.plist;
				LD_RUNPATH_SEARCH_PATHS = (
					"$(inherited)",
					"@executable_path/Frameworks",
					"@loader_path/Frameworks",
				);
				PRODUCT_BUNDLE_IDENTIFIER = com.rinrinnchi.SwiftUITestUITests;
				PRODUCT_NAME = "$(TARGET_NAME)";
				SWIFT_VERSION = 5.0;
				TARGETED_DEVICE_FAMILY = "1,2";
				TEST_TARGET_NAME = SwiftUITest;
			};
			name = Debug;
		};
		E7B48E9223D3F23600F2F4CE /* Release */ = {
			isa = XCBuildConfiguration;
			buildSettings = {
				ALWAYS_EMBED_SWIFT_STANDARD_LIBRARIES = YES;
				CODE_SIGN_STYLE = Automatic;
				INFOPLIST_FILE = SwiftUITestUITests/Info.plist;
				LD_RUNPATH_SEARCH_PATHS = (
					"$(inherited)",
					"@executable_path/Frameworks",
					"@loader_path/Frameworks",
				);
				PRODUCT_BUNDLE_IDENTIFIER = com.rinrinnchi.SwiftUITestUITests;
				PRODUCT_NAME = "$(TARGET_NAME)";
				SWIFT_VERSION = 5.0;
				TARGETED_DEVICE_FAMILY = "1,2";
				TEST_TARGET_NAME = SwiftUITest;
			};
			name = Release;
		};
/* End XCBuildConfiguration section */

/* Begin XCConfigurationList section */
		E7B48E5B23D3F23100F2F4CE /* Build configuration list for PBXProject "SwiftUITutorial" */ = {
			isa = XCConfigurationList;
			buildConfigurations = (
				E7B48E8823D3F23600F2F4CE /* Debug */,
				E7B48E8923D3F23600F2F4CE /* Release */,
			);
			defaultConfigurationIsVisible = 0;
			defaultConfigurationName = Release;
		};
		E7B48E8A23D3F23600F2F4CE /* Build configuration list for PBXNativeTarget "SwiftUITutorial" */ = {
			isa = XCConfigurationList;
			buildConfigurations = (
				E7B48E8B23D3F23600F2F4CE /* Debug */,
				E7B48E8C23D3F23600F2F4CE /* Release */,
			);
			defaultConfigurationIsVisible = 0;
			defaultConfigurationName = Release;
		};
		E7B48E8D23D3F23600F2F4CE /* Build configuration list for PBXNativeTarget "SwiftUITutorialTests" */ = {
			isa = XCConfigurationList;
			buildConfigurations = (
				E7B48E8E23D3F23600F2F4CE /* Debug */,
				E7B48E8F23D3F23600F2F4CE /* Release */,
			);
			defaultConfigurationIsVisible = 0;
			defaultConfigurationName = Release;
		};
		E7B48E9023D3F23600F2F4CE /* Build configuration list for PBXNativeTarget "SwiftUITutorialUITests" */ = {
			isa = XCConfigurationList;
			buildConfigurations = (
				E7B48E9123D3F23600F2F4CE /* Debug */,
				E7B48E9223D3F23600F2F4CE /* Release */,
			);
			defaultConfigurationIsVisible = 0;
			defaultConfigurationName = Release;
		};
/* End XCConfigurationList section */
	};
	rootObject = E7B48E5823D3F23100F2F4CE /* Project object */;
}
